
Microsoft Visual Studio Solution File, Format Version 12.00
# Visual Studio Version 17
VisualStudioVersion = 17.0.32014.148
MinimumVisualStudioVersion = 10.0.40219.1
Project("{9A19103F-16F7-4668-BE54-9A1E7A4F7556}") = "lab3", "lab3\lab3.csproj", "{2B2BB1C3-0299-4007-B0D3-B3B6194E6B19}"
EndProject
Project("{8BC9CEB8-8B4A-11D0-8D11-00A0C91BC942}") = "Dll_mkl", "Dll_mkl\Dll_mkl.vcxproj", "{28AAFDC5-34EE-42ED-837D-857914D07CAE}"
EndProject
Global
	GlobalSection(SolutionConfigurationPlatforms) = preSolution
		Debug|Any CPU = Debug|Any CPU
		Debug|x64 = Debug|x64
		Debug|x86 = Debug|x86
		Release|Any CPU = Release|Any CPU
		Release|x64 = Release|x64
		Release|x86 = Release|x86
	EndGlobalSection
	GlobalSection(ProjectConfigurationPlatforms) = postSolution
		{2B2BB1C3-0299-4007-B0D3-B3B6194E6B19}.Debug|Any CPU.ActiveCfg = Debug|Any CPU
		{2B2BB1C3-0299-4007-B0D3-B3B6194E6B19}.Debug|Any CPU.Build.0 = Debug|Any CPU
		{2B2BB1C3-0299-4007-B0D3-B3B6194E6B19}.Debug|x64.ActiveCfg = Debug|Any CPU
		{2B2BB1C3-0299-4007-B0D3-B3B6194E6B19}.Debug|x64.Build.0 = Debug|Any CPU
		{2B2BB1C3-0299-4007-B0D3-B3B6194E6B19}.Debug|x86.ActiveCfg = Debug|Any CPU
		{2B2BB1C3-0299-4007-B0D3-B3B6194E6B19}.Debug|x86.Build.0 = Debug|Any CPU
		{2B2BB1C3-0299-4007-B0D3-B3B6194E6B19}.Release|Any CPU.ActiveCfg = Release|Any CPU
		{2B2BB1C3-0299-4007-B0D3-B3B6194E6B19}.Release|Any CPU.Build.0 = Release|Any CPU
		{2B2BB1C3-0299-4007-B0D3-B3B6194E6B19}.Release|x64.ActiveCfg = Release|Any CPU
		{2B2BB1C3-0299-4007-B0D3-B3B6194E6B19}.Release|x64.Build.0 = Release|Any CPU
		{2B2BB1C3-0299-4007-B0D3-B3B6194E6B19}.Release|x86.ActiveCfg = Release|Any CPU
		{2B2BB1C3-0299-4007-B0D3-B3B6194E6B19}.Release|x86.Build.0 = Release|Any CPU
		{28AAFDC5-34EE-42ED-837D-857914D07CAE}.Debug|Any CPU.ActiveCfg = Debug|x64
		{28AAFDC5-34EE-42ED-837D-857914D07CAE}.Debug|Any CPU.Build.0 = Debug|x64
		{28AAFDC5-34EE-42ED-837D-857914D07CAE}.Debug|x64.ActiveCfg = Debug|x64
		{28AAFDC5-34EE-42ED-837D-857914D07CAE}.Debug|x64.Build.0 = Debug|x64
		{28AAFDC5-34EE-42ED-837D-857914D07CAE}.Debug|x86.ActiveCfg = Debug|Win32
		{28AAFDC5-34EE-42ED-837D-857914D07CAE}.Debug|x86.Build.0 = Debug|Win32
		{28AAFDC5-34EE-42ED-837D-857914D07CAE}.Release|Any CPU.ActiveCfg = Release|x64
		{28AAFDC5-34EE-42ED-837D-857914D07CAE}.Release|Any CPU.Build.0 = Release|x64
		{28AAFDC5-34EE-42ED-837D-857914D07CAE}.Release|x64.ActiveCfg = Release|x64
		{28AAFDC5-34EE-42ED-837D-857914D07CAE}.Release|x64.Build.0 = Release|x64
		{28AAFDC5-34EE-42ED-837D-857914D07CAE}.Release|x86.ActiveCfg = Release|Win32
		{28AAFDC5-34EE-42ED-837D-857914D07CAE}.Release|x86.Build.0 = Release|Win32
	EndGlobalSection
	GlobalSection(SolutionProperties) = preSolution
		HideSolutionNode = FALSE
	EndGlobalSection
	GlobalSection(ExtensibilityGlobals) = postSolution
		SolutionGuid = {A7C2C3FF-8D9C-4480-8820-4A81C6F9838C}
	EndGlobalSection
EndGlobal
